
Microsoft Visual Studio Solution File, Format Version 12.00
Project("{FAE04EC0-301F-11D3-BF4B-00C04F79EFBC}") = "TusCli", "src\TusCli\TusCli.csproj", "{A85E97E7-1943-48B4-9CDD-CA6AC7C4DDCE}"
EndProject
Global
	GlobalSection(SolutionConfigurationPlatforms) = preSolution
		Debug|Any CPU = Debug|Any CPU
		Release|Any CPU = Release|Any CPU
	EndGlobalSection
	GlobalSection(ProjectConfigurationPlatforms) = postSolution
		{A85E97E7-1943-48B4-9CDD-CA6AC7C4DDCE}.Debug|Any CPU.ActiveCfg = Debug|Any CPU
		{A85E97E7-1943-48B4-9CDD-CA6AC7C4DDCE}.Debug|Any CPU.Build.0 = Debug|Any CPU
		{A85E97E7-1943-48B4-9CDD-CA6AC7C4DDCE}.Release|Any CPU.ActiveCfg = Release|Any CPU
		{A85E97E7-1943-48B4-9CDD-CA6AC7C4DDCE}.Release|Any CPU.Build.0 = Release|Any CPU
	EndGlobalSection
EndGlobal
